<Solution>
  <Folder Name="/Mobile/">
    <Project Path="LibationMobile/LibationMobile.csproj" />
    <Project Path="LibationMobile.Android/LibationMobile.Android.csproj" />
    <Project Path="LibationMobile.iOS/LibationMobile.iOS.csproj" />
  </Folder>
  <Folder Name="/Shared/">
    <Project Path="AudioPlayer/AudioPlayer.csproj" />
  </Folder>
</Solution>
